
Microsoft Visual Studio Solution File, Format Version 12.00
# Visual Studio Version 16
VisualStudioVersion = 16.0.31727.386
MinimumVisualStudioVersion = 10.0.40219.1
Project("{FAE04EC0-301F-11D3-BF4B-00C04F79EFBC}") = "SGB2 Border Injector", "SGB2 Border Injector.csproj", "{39CADF03-FE55-47AC-A278-F51C37116D04}"
EndProject
Global
	GlobalSection(SolutionConfigurationPlatforms) = preSolution
		Debug|Any CPU = Debug|Any CPU
		Release|Any CPU = Release|Any CPU
	EndGlobalSection
	GlobalSection(ProjectConfigurationPlatforms) = postSolution
		{39CADF03-FE55-47AC-A278-F51C37116D04}.Debug|Any CPU.ActiveCfg = Debug|Any CPU
		{39CADF03-FE55-47AC-A278-F51C37116D04}.Debug|Any CPU.Build.0 = Debug|Any CPU
		{39CADF03-FE55-47AC-A278-F51C37116D04}.Release|Any CPU.ActiveCfg = Release|Any CPU
		{39CADF03-FE55-47AC-A278-F51C37116D04}.Release|Any CPU.Build.0 = Release|Any CPU
	EndGlobalSection
	GlobalSection(SolutionProperties) = preSolution
		HideSolutionNode = FALSE
	EndGlobalSection
	GlobalSection(ExtensibilityGlobals) = postSolution
		SolutionGuid = {DFE54F6D-5963-4780-8107-6DDECCFF69CA}
	EndGlobalSection
EndGlobal
